{
  "requires": true,
  "lockfileVersion": 1,
  "dependencies": {
    "nfe-io": {
      "version": "1.0.0",
      "resolved": "https://registry.npmjs.org/nfe-io/-/nfe-io-1.0.0.tgz",
      "integrity": "sha512-6IXYwMRtP5t/TFP4oXlInR/3cCnG339gpNNw6aRGM4MUMGK26m5EbXBhwGmKV4Zz60kQxG5yNMDsYKtt+hpIbw==",
      "requires": {
        "when": "~3.1.0"
      }
    },
    "sax": {
      "version": "1.2.4",
      "resolved": "https://registry.npmjs.org/sax/-/sax-1.2.4.tgz",
      "integrity": "sha512-NqVDv9TpANUjFm0N8uM5GxL36UgKi9/atZw+x7YFnQ8ckwFGKrl4xX4yWtrey3UJm5nP1kUbnYgLopqWNSRhWw=="
    },
    "when": {
      "version": "3.1.0",
      "resolved": "https://registry.npmjs.org/when/-/when-3.1.0.tgz",
      "integrity": "sha1-okeWWcoV9yVUHs9S664JG3ge4TQ="
    },
    "xml-js": {
      "version": "1.6.11",
      "resolved": "https://registry.npmjs.org/xml-js/-/xml-js-1.6.11.tgz",
      "integrity": "sha512-7rVi2KMfwfWFl+GpPg6m80IVMWXLRjO+PxTq7V2CDhoGak0wzYzFgUY2m4XJ47OGdXd8eLE8EmwfAmdjw7lC1g==",
      "requires": {
        "sax": "^1.2.4"
      }
    }
  }
}
